// !$*UTF8*$!
{
	archiveVersion = 1;
	classes = {
	};
	objectVersion = 55;
	objects = {

/* Begin PBXBuildFile section */
		3E47C29B2708D7F000FDF8B0 /* AppDelegate.swift in Sources */ = {isa = PBXBuildFile; fileRef = 3E47C29A2708D7F000FDF8B0 /* AppDelegate.swift */; };
		3E47C29D2708D7F000FDF8B0 /* SceneDelegate.swift in Sources */ = {isa = PBXBuildFile; fileRef = 3E47C29C2708D7F000FDF8B0 /* SceneDelegate.swift */; };
		3E47C29F2708D7F000FDF8B0 /* ViewController.swift in Sources */ = {isa = PBXBuildFile; fileRef = 3E47C29E2708D7F000FDF8B0 /* ViewController.swift */; };
		3E47C2A22708D7F000FDF8B0 /* Main.storyboard in Resources */ = {isa = PBXBuildFile; fileRef = 3E47C2A02708D7F000FDF8B0 /* Main.storyboard */; };
		3E47C2A42708D7F100FDF8B0 /* Assets.xcassets in Resources */ = {isa = PBXBuildFile; fileRef = 3E47C2A32708D7F100FDF8B0 /* Assets.xcassets */; };
		3E47C2A72708D7F100FDF8B0 /* LaunchScreen.storyboard in Resources */ = {isa = PBXBuildFile; fileRef = 3E47C2A52708D7F100FDF8B0 /* LaunchScreen.storyboard */; };
		3E47C2B22708D7F100FDF8B0 /* SBU_HeatMap_testTests.swift in Sources */ = {isa = PBXBuildFile; fileRef = 3E47C2B12708D7F100FDF8B0 /* SBU_HeatMap_testTests.swift */; };
		3E47C2BC2708D7F100FDF8B0 /* SBU_HeatMap_testUITests.swift in Sources */ = {isa = PBXBuildFile; fileRef = 3E47C2BB2708D7F100FDF8B0 /* SBU_HeatMap_testUITests.swift */; };
		3E47C2BE2708D7F100FDF8B0 /* SBU_HeatMap_testUITestsLaunchTests.swift in Sources */ = {isa = PBXBuildFile; fileRef = 3E47C2BD2708D7F100FDF8B0 /* SBU_HeatMap_testUITestsLaunchTests.swift */; };
		3E5E235A270903EC00BA5CC2 /* HomeUIView.swift in Sources */ = {isa = PBXBuildFile; fileRef = 3E5E2359270903EC00BA5CC2 /* HomeUIView.swift */; };
		3E5E235C2709040D00BA5CC2 /* SideMenuUIView.swift in Sources */ = {isa = PBXBuildFile; fileRef = 3E5E235B2709040D00BA5CC2 /* SideMenuUIView.swift */; };
		3E5E235E270906FA00BA5CC2 /* UserSettingsUIView.swift in Sources */ = {isa = PBXBuildFile; fileRef = 3E5E235D270906FA00BA5CC2 /* UserSettingsUIView.swift */; };
/* End PBXBuildFile section */

/* Begin PBXContainerItemProxy section */
		3E47C2AE2708D7F100FDF8B0 /* PBXContainerItemProxy */ = {
			isa = PBXContainerItemProxy;
			containerPortal = 3E47C28F2708D7F000FDF8B0 /* Project object */;
			proxyType = 1;
			remoteGlobalIDString = 3E47C2962708D7F000FDF8B0;
			remoteInfo = "SBU HeatMap test";
		};
		3E47C2B82708D7F100FDF8B0 /* PBXContainerItemProxy */ = {
			isa = PBXContainerItemProxy;
			containerPortal = 3E47C28F2708D7F000FDF8B0 /* Project object */;
			proxyType = 1;
			remoteGlobalIDString = 3E47C2962708D7F000FDF8B0;
			remoteInfo = "SBU HeatMap test";
		};
/* End PBXContainerItemProxy section */

/* Begin PBXFileReference section */
		3E47C2972708D7F000FDF8B0 /* SBU HeatMap test.app */ = {isa = PBXFileReference; explicitFileType = wrapper.application; includeInIndex = 0; path = "SBU HeatMap test.app"; sourceTree = BUILT_PRODUCTS_DIR; };
		3E47C29A2708D7F000FDF8B0 /* AppDelegate.swift */ = {isa = PBXFileReference; lastKnownFileType = sourcecode.swift; path = AppDelegate.swift; sourceTree = "<group>"; };
		3E47C29C2708D7F000FDF8B0 /* SceneDelegate.swift */ = {isa = PBXFileReference; lastKnownFileType = sourcecode.swift; path = SceneDelegate.swift; sourceTree = "<group>"; };
		3E47C29E2708D7F000FDF8B0 /* ViewController.swift */ = {isa = PBXFileReference; lastKnownFileType = sourcecode.swift; path = ViewController.swift; sourceTree = "<group>"; };
		3E47C2A12708D7F000FDF8B0 /* Base */ = {isa = PBXFileReference; lastKnownFileType = file.storyboard; name = Base; path = Base.lproj/Main.storyboard; sourceTree = "<group>"; };
		3E47C2A32708D7F100FDF8B0 /* Assets.xcassets */ = {isa = PBXFileReference; lastKnownFileType = folder.assetcatalog; path = Assets.xcassets; sourceTree = "<group>"; };
		3E47C2A62708D7F100FDF8B0 /* Base */ = {isa = PBXFileReference; lastKnownFileType = file.storyboard; name = Base; path = Base.lproj/LaunchScreen.storyboard; sourceTree = "<group>"; };
		3E47C2A82708D7F100FDF8B0 /* Info.plist */ = {isa = PBXFileReference; lastKnownFileType = text.plist.xml; path = Info.plist; sourceTree = "<group>"; };
		3E47C2AD2708D7F100FDF8B0 /* SBU HeatMap testTests.xctest */ = {isa = PBXFileReference; explicitFileType = wrapper.cfbundle; includeInIndex = 0; path = "SBU HeatMap testTests.xctest"; sourceTree = BUILT_PRODUCTS_DIR; };
		3E47C2B12708D7F100FDF8B0 /* SBU_HeatMap_testTests.swift */ = {isa = PBXFileReference; lastKnownFileType = sourcecode.swift; path = SBU_HeatMap_testTests.swift; sourceTree = "<group>"; };
		3E47C2B72708D7F100FDF8B0 /* SBU HeatMap testUITests.xctest */ = {isa = PBXFileReference; explicitFileType = wrapper.cfbundle; includeInIndex = 0; path = "SBU HeatMap testUITests.xctest"; sourceTree = BUILT_PRODUCTS_DIR; };
		3E47C2BB2708D7F100FDF8B0 /* SBU_HeatMap_testUITests.swift */ = {isa = PBXFileReference; lastKnownFileType = sourcecode.swift; path = SBU_HeatMap_testUITests.swift; sourceTree = "<group>"; };
		3E47C2BD2708D7F100FDF8B0 /* SBU_HeatMap_testUITestsLaunchTests.swift */ = {isa = PBXFileReference; lastKnownFileType = sourcecode.swift; path = SBU_HeatMap_testUITestsLaunchTests.swift; sourceTree = "<group>"; };
		3E5E2359270903EC00BA5CC2 /* HomeUIView.swift */ = {isa = PBXFileReference; lastKnownFileType = sourcecode.swift; path = HomeUIView.swift; sourceTree = "<group>"; };
		3E5E235B2709040D00BA5CC2 /* SideMenuUIView.swift */ = {isa = PBXFileReference; lastKnownFileType = sourcecode.swift; path = SideMenuUIView.swift; sourceTree = "<group>"; };
		3E5E235D270906FA00BA5CC2 /* UserSettingsUIView.swift */ = {isa = PBXFileReference; lastKnownFileType = sourcecode.swift; path = UserSettingsUIView.swift; sourceTree = "<group>"; };
/* End PBXFileReference section */

/* Begin PBXFrameworksBuildPhase section */
		3E47C2942708D7F000FDF8B0 /* Frameworks */ = {
			isa = PBXFrameworksBuildPhase;
			buildActionMask = 2147483647;
			files = (
			);
			runOnlyForDeploymentPostprocessing = 0;
		};
		3E47C2AA2708D7F100FDF8B0 /* Frameworks */ = {
			isa = PBXFrameworksBuildPhase;
			buildActionMask = 2147483647;
			files = (
			);
			runOnlyForDeploymentPostprocessing = 0;
		};
		3E47C2B42708D7F100FDF8B0 /* Frameworks */ = {
			isa = PBXFrameworksBuildPhase;
			buildActionMask = 2147483647;
			files = (
			);
			runOnlyForDeploymentPostprocessing = 0;
		};
/* End PBXFrameworksBuildPhase section */

/* Begin PBXGroup section */
		3E47C28E2708D7F000FDF8B0 = {
			isa = PBXGroup;
			children = (
				3E5E235D270906FA00BA5CC2 /* UserSettingsUIView.swift */,
				3E5E235B2709040D00BA5CC2 /* SideMenuUIView.swift */,
				3E5E2359270903EC00BA5CC2 /* HomeUIView.swift */,
				3E47C2992708D7F000FDF8B0 /* SBU HeatMap test */,
				3E47C2B02708D7F100FDF8B0 /* SBU HeatMap testTests */,
				3E47C2BA2708D7F100FDF8B0 /* SBU HeatMap testUITests */,
				3E47C2982708D7F000FDF8B0 /* Products */,
			);
			sourceTree = "<group>";
		};
		3E47C2982708D7F000FDF8B0 /* Products */ = {
			isa = PBXGroup;
			children = (
				3E47C2972708D7F000FDF8B0 /* SBU HeatMap test.app */,
				3E47C2AD2708D7F100FDF8B0 /* SBU HeatMap testTests.xctest */,
				3E47C2B72708D7F100FDF8B0 /* SBU HeatMap testUITests.xctest */,
			);
			name = Products;
			sourceTree = "<group>";
		};
		3E47C2992708D7F000FDF8B0 /* SBU HeatMap test */ = {
			isa = PBXGroup;
			children = (
				3E47C29A2708D7F000FDF8B0 /* AppDelegate.swift */,
				3E47C29C2708D7F000FDF8B0 /* SceneDelegate.swift */,
				3E47C29E2708D7F000FDF8B0 /* ViewController.swift */,
				3E47C2A02708D7F000FDF8B0 /* Main.storyboard */,
				3E47C2A32708D7F100FDF8B0 /* Assets.xcassets */,
				3E47C2A52708D7F100FDF8B0 /* LaunchScreen.storyboard */,
				3E47C2A82708D7F100FDF8B0 /* Info.plist */,
			);
			path = "SBU HeatMap test";
			sourceTree = "<group>";
		};
		3E47C2B02708D7F100FDF8B0 /* SBU HeatMap testTests */ = {
			isa = PBXGroup;
			children = (
				3E47C2B12708D7F100FDF8B0 /* SBU_HeatMap_testTests.swift */,
			);
			path = "SBU HeatMap testTests";
			sourceTree = "<group>";
		};
		3E47C2BA2708D7F100FDF8B0 /* SBU HeatMap testUITests */ = {
			isa = PBXGroup;
			children = (
				3E47C2BB2708D7F100FDF8B0 /* SBU_HeatMap_testUITests.swift */,
				3E47C2BD2708D7F100FDF8B0 /* SBU_HeatMap_testUITestsLaunchTests.swift */,
			);
			path = "SBU HeatMap testUITests";
			sourceTree = "<group>";
		};
/* End PBXGroup section */

/* Begin PBXNativeTarget section */
		3E47C2962708D7F000FDF8B0 /* SBU HeatMap test */ = {
			isa = PBXNativeTarget;
			buildConfigurationList = 3E47C2C12708D7F100FDF8B0 /* Build configuration list for PBXNativeTarget "SBU HeatMap test" */;
			buildPhases = (
				3E47C2932708D7F000FDF8B0 /* Sources */,
				3E47C2942708D7F000FDF8B0 /* Frameworks */,
				3E47C2952708D7F000FDF8B0 /* Resources */,
			);
			buildRules = (
			);
			dependencies = (
			);
			name = "SBU HeatMap test";
			productName = "SBU HeatMap test";
			productReference = 3E47C2972708D7F000FDF8B0 /* SBU HeatMap test.app */;
			productType = "com.apple.product-type.application";
		};
		3E47C2AC2708D7F100FDF8B0 /* SBU HeatMap testTests */ = {
			isa = PBXNativeTarget;
			buildConfigurationList = 3E47C2C42708D7F100FDF8B0 /* Build configuration list for PBXNativeTarget "SBU HeatMap testTests" */;
			buildPhases = (
				3E47C2A92708D7F100FDF8B0 /* Sources */,
				3E47C2AA2708D7F100FDF8B0 /* Frameworks */,
				3E47C2AB2708D7F100FDF8B0 /* Resources */,
			);
			buildRules = (
			);
			dependencies = (
				3E47C2AF2708D7F100FDF8B0 /* PBXTargetDependency */,
			);
			name = "SBU HeatMap testTests";
			productName = "SBU HeatMap testTests";
			productReference = 3E47C2AD2708D7F100FDF8B0 /* SBU HeatMap testTests.xctest */;
			productType = "com.apple.product-type.bundle.unit-test";
		};
		3E47C2B62708D7F100FDF8B0 /* SBU HeatMap testUITests */ = {
			isa = PBXNativeTarget;
			buildConfigurationList = 3E47C2C72708D7F100FDF8B0 /* Build configuration list for PBXNativeTarget "SBU HeatMap testUITests" */;
			buildPhases = (
				3E47C2B32708D7F100FDF8B0 /* Sources */,
				3E47C2B42708D7F100FDF8B0 /* Frameworks */,
				3E47C2B52708D7F100FDF8B0 /* Resources */,
			);
			buildRules = (
			);
			dependencies = (
				3E47C2B92708D7F100FDF8B0 /* PBXTargetDependency */,
			);
			name = "SBU HeatMap testUITests";
			productName = "SBU HeatMap testUITests";
			productReference = 3E47C2B72708D7F100FDF8B0 /* SBU HeatMap testUITests.xctest */;
			productType = "com.apple.product-type.bundle.ui-testing";
		};
/* End PBXNativeTarget section */

/* Begin PBXProject section */
		3E47C28F2708D7F000FDF8B0 /* Project object */ = {
			isa = PBXProject;
			attributes = {
				BuildIndependentTargetsInParallel = 1;
				LastSwiftUpdateCheck = 1300;
				LastUpgradeCheck = 1300;
				TargetAttributes = {
					3E47C2962708D7F000FDF8B0 = {
						CreatedOnToolsVersion = 13.0;
					};
					3E47C2AC2708D7F100FDF8B0 = {
						CreatedOnToolsVersion = 13.0;
						TestTargetID = 3E47C2962708D7F000FDF8B0;
					};
					3E47C2B62708D7F100FDF8B0 = {
						CreatedOnToolsVersion = 13.0;
						TestTargetID = 3E47C2962708D7F000FDF8B0;
					};
				};
			};
			buildConfigurationList = 3E47C2922708D7F000FDF8B0 /* Build configuration list for PBXProject "SBU HeatMap test" */;
			compatibilityVersion = "Xcode 13.0";
			developmentRegion = en;
			hasScannedForEncodings = 0;
			knownRegions = (
				en,
				Base,
			);
			mainGroup = 3E47C28E2708D7F000FDF8B0;
			productRefGroup = 3E47C2982708D7F000FDF8B0 /* Products */;
			projectDirPath = "";
			projectRoot = "";
			targets = (
				3E47C2962708D7F000FDF8B0 /* SBU HeatMap test */,
				3E47C2AC2708D7F100FDF8B0 /* SBU HeatMap testTests */,
				3E47C2B62708D7F100FDF8B0 /* SBU HeatMap testUITests */,
			);
		};
/* End PBXProject section */

/* Begin PBXResourcesBuildPhase section */
		3E47C2952708D7F000FDF8B0 /* Resources */ = {
			isa = PBXResourcesBuildPhase;
			buildActionMask = 2147483647;
			files = (
				3E47C2A72708D7F100FDF8B0 /* LaunchScreen.storyboard in Resources */,
				3E47C2A42708D7F100FDF8B0 /* Assets.xcassets in Resources */,
				3E47C2A22708D7F000FDF8B0 /* Main.storyboard in Resources */,
			);
			runOnlyForDeploymentPostprocessing = 0;
		};
		3E47C2AB2708D7F100FDF8B0 /* Resources */ = {
			isa = PBXResourcesBuildPhase;
			buildActionMask = 2147483647;
			files = (
			);
			runOnlyForDeploymentPostprocessing = 0;
		};
		3E47C2B52708D7F100FDF8B0 /* Resources */ = {
			isa = PBXResourcesBuildPhase;
			buildActionMask = 2147483647;
			files = (
			);
			runOnlyForDeploymentPostprocessing = 0;
		};
/* End PBXResourcesBuildPhase section */

/* Begin PBXSourcesBuildPhase section */
		3E47C2932708D7F000FDF8B0 /* Sources */ = {
			isa = PBXSourcesBuildPhase;
			buildActionMask = 2147483647;
			files = (
				3E47C29F2708D7F000FDF8B0 /* ViewController.swift in Sources */,
				3E5E235A270903EC00BA5CC2 /* HomeUIView.swift in Sources */,
				3E47C29B2708D7F000FDF8B0 /* AppDelegate.swift in Sources */,
				3E5E235C2709040D00BA5CC2 /* SideMenuUIView.swift in Sources */,
				3E5E235E270906FA00BA5CC2 /* UserSettingsUIView.swift in Sources */,
				3E47C29D2708D7F000FDF8B0 /* SceneDelegate.swift in Sources */,
			);
			runOnlyForDeploymentPostprocessing = 0;
		};
		3E47C2A92708D7F100FDF8B0 /* Sources */ = {
			isa = PBXSourcesBuildPhase;
			buildActionMask = 2147483647;
			files = (
				3E47C2B22708D7F100FDF8B0 /* SBU_HeatMap_testTests.swift in Sources */,
			);
			runOnlyForDeploymentPostprocessing = 0;
		};
		3E47C2B32708D7F100FDF8B0 /* Sources */ = {
			isa = PBXSourcesBuildPhase;
			buildActionMask = 2147483647;
			files = (
				3E47C2BE2708D7F100FDF8B0 /* SBU_HeatMap_testUITestsLaunchTests.swift in Sources */,
				3E47C2BC2708D7F100FDF8B0 /* SBU_HeatMap_testUITests.swift in Sources */,
			);
			runOnlyForDeploymentPostprocessing = 0;
		};
/* End PBXSourcesBuildPhase section */

/* Begin PBXTargetDependency section */
		3E47C2AF2708D7F100FDF8B0 /* PBXTargetDependency */ = {
			isa = PBXTargetDependency;
			target = 3E47C2962708D7F000FDF8B0 /* SBU HeatMap test */;
			targetProxy = 3E47C2AE2708D7F100FDF8B0 /* PBXContainerItemProxy */;
		};
		3E47C2B92708D7F100FDF8B0 /* PBXTargetDependency */ = {
			isa = PBXTargetDependency;
			target = 3E47C2962708D7F000FDF8B0 /* SBU HeatMap test */;
			targetProxy = 3E47C2B82708D7F100FDF8B0 /* PBXContainerItemProxy */;
		};
/* End PBXTargetDependency section */

/* Begin PBXVariantGroup section */
		3E47C2A02708D7F000FDF8B0 /* Main.storyboard */ = {
			isa = PBXVariantGroup;
			children = (
				3E47C2A12708D7F000FDF8B0 /* Base */,
			);
			name = Main.storyboard;
			sourceTree = "<group>";
		};
		3E47C2A52708D7F100FDF8B0 /* LaunchScreen.storyboard */ = {
			isa = PBXVariantGroup;
			children = (
				3E47C2A62708D7F100FDF8B0 /* Base */,
			);
			name = LaunchScreen.storyboard;
			sourceTree = "<group>";
		};
/* End PBXVariantGroup section */

/* Begin XCBuildConfiguration section */
		3E47C2BF2708D7F100FDF8B0 /* Debug */ = {
			isa = XCBuildConfiguration;
			buildSettings = {
				ALWAYS_SEARCH_USER_PATHS = NO;
				CLANG_ANALYZER_NONNULL = YES;
				CLANG_ANALYZER_NUMBER_OBJECT_CONVERSION = YES_AGGRESSIVE;
				CLANG_CXX_LANGUAGE_STANDARD = "gnu++17";
				CLANG_CXX_LIBRARY = "libc++";
				CLANG_ENABLE_MODULES = YES;
				CLANG_ENABLE_OBJC_ARC = YES;
				CLANG_ENABLE_OBJC_WEAK = YES;
				CLANG_WARN_BLOCK_CAPTURE_AUTORELEASING = YES;
				CLANG_WARN_BOOL_CONVERSION = YES;
				CLANG_WARN_COMMA = YES;
				CLANG_WARN_CONSTANT_CONVERSION = YES;
				CLANG_WARN_DEPRECATED_OBJC_IMPLEMENTATIONS = YES;
				CLANG_WARN_DIRECT_OBJC_ISA_USAGE = YES_ERROR;
				CLANG_WARN_DOCUMENTATION_COMMENTS = YES;
				CLANG_WARN_EMPTY_BODY = YES;
				CLANG_WARN_ENUM_CONVERSION = YES;
				CLANG_WARN_INFINITE_RECURSION = YES;
				CLANG_WARN_INT_CONVERSION = YES;
				CLANG_WARN_NON_LITERAL_NULL_CONVERSION = YES;
				CLANG_WARN_OBJC_IMPLICIT_RETAIN_SELF = YES;
				CLANG_WARN_OBJC_LITERAL_CONVERSION = YES;
				CLANG_WARN_OBJC_ROOT_CLASS = YES_ERROR;
				CLANG_WARN_QUOTED_INCLUDE_IN_FRAMEWORK_HEADER = YES;
				CLANG_WARN_RANGE_LOOP_ANALYSIS = YES;
				CLANG_WARN_STRICT_PROTOTYPES = YES;
				CLANG_WARN_SUSPICIOUS_MOVE = YES;
				CLANG_WARN_UNGUARDED_AVAILABILITY = YES_AGGRESSIVE;
				CLANG_WARN_UNREACHABLE_CODE = YES;
				CLANG_WARN__DUPLICATE_METHOD_MATCH = YES;
				COPY_PHASE_STRIP = NO;
				DEBUG_INFORMATION_FORMAT = dwarf;
				ENABLE_STRICT_OBJC_MSGSEND = YES;
				ENABLE_TESTABILITY = YES;
				GCC_C_LANGUAGE_STANDARD = gnu11;
				GCC_DYNAMIC_NO_PIC = NO;
				GCC_NO_COMMON_BLOCKS = YES;
				GCC_OPTIMIZATION_LEVEL = 0;
				GCC_PREPROCESSOR_DEFINITIONS = (
					"DEBUG=1",
					"$(inherited)",
				);
				GCC_WARN_64_TO_32_BIT_CONVERSION = YES;
				GCC_WARN_ABOUT_RETURN_TYPE = YES_ERROR;
				GCC_WARN_UNDECLARED_SELECTOR = YES;
				GCC_WARN_UNINITIALIZED_AUTOS = YES_AGGRESSIVE;
				GCC_WARN_UNUSED_FUNCTION = YES;
				GCC_WARN_UNUSED_VARIABLE = YES;
				IPHONEOS_DEPLOYMENT_TARGET = 15.0;
				MTL_ENABLE_DEBUG_INFO = INCLUDE_SOURCE;
				MTL_FAST_MATH = YES;
				ONLY_ACTIVE_ARCH = YES;
				SDKROOT = iphoneos;
				SWIFT_ACTIVE_COMPILATION_CONDITIONS = DEBUG;
				SWIFT_OPTIMIZATION_LEVEL = "-Onone";
			};
			name = Debug;
		};
		3E47C2C02708D7F100FDF8B0 /* Release */ = {
			isa = XCBuildConfiguration;
			buildSettings = {
				ALWAYS_SEARCH_USER_PATHS = NO;
				CLANG_ANALYZER_NONNULL = YES;
				CLANG_ANALYZER_NUMBER_OBJECT_CONVERSION = YES_AGGRESSIVE;
				CLANG_CXX_LANGUAGE_STANDARD = "gnu++17";
				CLANG_CXX_LIBRARY = "libc++";
				CLANG_ENABLE_MODULES = YES;
				CLANG_ENABLE_OBJC_ARC = YES;
				CLANG_ENABLE_OBJC_WEAK = YES;
				CLANG_WARN_BLOCK_CAPTURE_AUTORELEASING = YES;
				CLANG_WARN_BOOL_CONVERSION = YES;
				CLANG_WARN_COMMA = YES;
				CLANG_WARN_CONSTANT_CONVERSION = YES;
				CLANG_WARN_DEPRECATED_OBJC_IMPLEMENTATIONS = YES;
				CLANG_WARN_DIRECT_OBJC_ISA_USAGE = YES_ERROR;
				CLANG_WARN_DOCUMENTATION_COMMENTS = YES;
				CLANG_WARN_EMPTY_BODY = YES;
				CLANG_WARN_ENUM_CONVERSION = YES;
				CLANG_WARN_INFINITE_RECURSION = YES;
				CLANG_WARN_INT_CONVERSION = YES;
				CLANG_WARN_NON_LITERAL_NULL_CONVERSION = YES;
				CLANG_WARN_OBJC_IMPLICIT_RETAIN_SELF = YES;
				CLANG_WARN_OBJC_LITERAL_CONVERSION = YES;
				CLANG_WARN_OBJC_ROOT_CLASS = YES_ERROR;
				CLANG_WARN_QUOTED_INCLUDE_IN_FRAMEWORK_HEADER = YES;
				CLANG_WARN_RANGE_LOOP_ANALYSIS = YES;
				CLANG_WARN_STRICT_PROTOTYPES = YES;
				CLANG_WARN_SUSPICIOUS_MOVE = YES;
				CLANG_WARN_UNGUARDED_AVAILABILITY = YES_AGGRESSIVE;
				CLANG_WARN_UNREACHABLE_CODE = YES;
				CLANG_WARN__DUPLICATE_METHOD_MATCH = YES;
				COPY_PHASE_STRIP = NO;
				DEBUG_INFORMATION_FORMAT = "dwarf-with-dsym";
				ENABLE_NS_ASSERTIONS = NO;
				ENABLE_STRICT_OBJC_MSGSEND = YES;
				GCC_C_LANGUAGE_STANDARD = gnu11;
				GCC_NO_COMMON_BLOCKS = YES;
				GCC_WARN_64_TO_32_BIT_CONVERSION = YES;
				GCC_WARN_ABOUT_RETURN_TYPE = YES_ERROR;
				GCC_WARN_UNDECLARED_SELECTOR = YES;
				GCC_WARN_UNINITIALIZED_AUTOS = YES_AGGRESSIVE;
				GCC_WARN_UNUSED_FUNCTION = YES;
				GCC_WARN_UNUSED_VARIABLE = YES;
				IPHONEOS_DEPLOYMENT_TARGET = 15.0;
				MTL_ENABLE_DEBUG_INFO = NO;
				MTL_FAST_MATH = YES;
				SDKROOT = iphoneos;
				SWIFT_COMPILATION_MODE = wholemodule;
				SWIFT_OPTIMIZATION_LEVEL = "-O";
				VALIDATE_PRODUCT = YES;
			};
			name = Release;
		};
		3E47C2C22708D7F100FDF8B0 /* Debug */ = {
			isa = XCBuildConfiguration;
			buildSettings = {
				ASSETCATALOG_COMPILER_APPICON_NAME = AppIcon;
				ASSETCATALOG_COMPILER_GLOBAL_ACCENT_COLOR_NAME = AccentColor;
				CODE_SIGN_STYLE = Automatic;
				CURRENT_PROJECT_VERSION = 1;
				GENERATE_INFOPLIST_FILE = YES;
				INFOPLIST_FILE = "SBU HeatMap test/Info.plist";
				INFOPLIST_KEY_UIApplicationSupportsIndirectInputEvents = YES;
				INFOPLIST_KEY_UILaunchStoryboardName = LaunchScreen;
				INFOPLIST_KEY_UIMainStoryboardFile = Main;
				INFOPLIST_KEY_UISupportedInterfaceOrientations_iPad = "UIInterfaceOrientationPortrait UIInterfaceOrientationPortraitUpsideDown UIInterfaceOrientationLandscapeLeft UIInterfaceOrientationLandscapeRight";
				INFOPLIST_KEY_UISupportedInterfaceOrientations_iPhone = "UIInterfaceOrientationPortrait UIInterfaceOrientationLandscapeLeft UIInterfaceOrientationLandscapeRight";
				LD_RUNPATH_SEARCH_PATHS = (
					"$(inherited)",
					"@executable_path/Frameworks",
				);
				MARKETING_VERSION = 1.0;
				PRODUCT_BUNDLE_IDENTIFIER = "VIP-Project.SBU-HeatMap-test";
				PRODUCT_NAME = "$(TARGET_NAME)";
				SWIFT_EMIT_LOC_STRINGS = YES;
				SWIFT_VERSION = 5.0;
				TARGETED_DEVICE_FAMILY = "1,2";
			};
			name = Debug;
		};
		3E47C2C32708D7F100FDF8B0 /* Release */ = {
			isa = XCBuildConfiguration;
			buildSettings = {
				ASSETCATALOG_COMPILER_APPICON_NAME = AppIcon;
				ASSETCATALOG_COMPILER_GLOBAL_ACCENT_COLOR_NAME = AccentColor;
				CODE_SIGN_STYLE = Automatic;
				CURRENT_PROJECT_VERSION = 1;
				GENERATE_INFOPLIST_FILE = YES;
				INFOPLIST_FILE = "SBU HeatMap test/Info.plist";
				INFOPLIST_KEY_UIApplicationSupportsIndirectInputEvents = YES;
				INFOPLIST_KEY_UILaunchStoryboardName = LaunchScreen;
				INFOPLIST_KEY_UIMainStoryboardFile = Main;
				INFOPLIST_KEY_UISupportedInterfaceOrientations_iPad = "UIInterfaceOrientationPortrait UIInterfaceOrientationPortraitUpsideDown UIInterfaceOrientationLandscapeLeft UIInterfaceOrientationLandscapeRight";
				INFOPLIST_KEY_UISupportedInterfaceOrientations_iPhone = "UIInterfaceOrientationPortrait UIInterfaceOrientationLandscapeLeft UIInterfaceOrientationLandscapeRight";
				LD_RUNPATH_SEARCH_PATHS = (
					"$(inherited)",
					"@executable_path/Frameworks",
				);
				MARKETING_VERSION = 1.0;
				PRODUCT_BUNDLE_IDENTIFIER = "VIP-Project.SBU-HeatMap-test";
				PRODUCT_NAME = "$(TARGET_NAME)";
				SWIFT_EMIT_LOC_STRINGS = YES;
				SWIFT_VERSION = 5.0;
				TARGETED_DEVICE_FAMILY = "1,2";
			};
			name = Release;
		};
		3E47C2C52708D7F100FDF8B0 /* Debug */ = {
			isa = XCBuildConfiguration;
			buildSettings = {
				ALWAYS_EMBED_SWIFT_STANDARD_LIBRARIES = YES;
				BUNDLE_LOADER = "$(TEST_HOST)";
				CODE_SIGN_STYLE = Automatic;
				CURRENT_PROJECT_VERSION = 1;
				GENERATE_INFOPLIST_FILE = YES;
				IPHONEOS_DEPLOYMENT_TARGET = 15.0;
				LD_RUNPATH_SEARCH_PATHS = (
					"$(inherited)",
					"@executable_path/Frameworks",
					"@loader_path/Frameworks",
				);
				MARKETING_VERSION = 1.0;
				PRODUCT_BUNDLE_IDENTIFIER = "VIP-Project.SBU-HeatMap-testTests";
				PRODUCT_NAME = "$(TARGET_NAME)";
				SWIFT_EMIT_LOC_STRINGS = NO;
				SWIFT_VERSION = 5.0;
				TARGETED_DEVICE_FAMILY = "1,2";
				TEST_HOST = "$(BUILT_PRODUCTS_DIR)/SBU HeatMap test.app/SBU HeatMap test";
			};
			name = Debug;
		};
		3E47C2C62708D7F100FDF8B0 /* Release */ = {
			isa = XCBuildConfiguration;
			buildSettings = {
				ALWAYS_EMBED_SWIFT_STANDARD_LIBRARIES = YES;
				BUNDLE_LOADER = "$(TEST_HOST)";
				CODE_SIGN_STYLE = Automatic;
				CURRENT_PROJECT_VERSION = 1;
				GENERATE_INFOPLIST_FILE = YES;
				IPHONEOS_DEPLOYMENT_TARGET = 15.0;
				LD_RUNPATH_SEARCH_PATHS = (
					"$(inherited)",
					"@executable_path/Frameworks",
					"@loader_path/Frameworks",
				);
				MARKETING_VERSION = 1.0;
				PRODUCT_BUNDLE_IDENTIFIER = "VIP-Project.SBU-HeatMap-testTests";
				PRODUCT_NAME = "$(TARGET_NAME)";
				SWIFT_EMIT_LOC_STRINGS = NO;
				SWIFT_VERSION = 5.0;
				TARGETED_DEVICE_FAMILY = "1,2";
				TEST_HOST = "$(BUILT_PRODUCTS_DIR)/SBU HeatMap test.app/SBU HeatMap test";
			};
			name = Release;
		};
		3E47C2C82708D7F100FDF8B0 /* Debug */ = {
			isa = XCBuildConfiguration;
			buildSettings = {
				ALWAYS_EMBED_SWIFT_STANDARD_LIBRARIES = YES;
				CODE_SIGN_STYLE = Automatic;
				CURRENT_PROJECT_VERSION = 1;
				GENERATE_INFOPLIST_FILE = YES;
				LD_RUNPATH_SEARCH_PATHS = (
					"$(inherited)",
					"@executable_path/Frameworks",
					"@loader_path/Frameworks",
				);
				MARKETING_VERSION = 1.0;
				PRODUCT_BUNDLE_IDENTIFIER = "VIP-Project.SBU-HeatMap-testUITests";
				PRODUCT_NAME = "$(TARGET_NAME)";
				SWIFT_EMIT_LOC_STRINGS = NO;
				SWIFT_VERSION = 5.0;
				TARGETED_DEVICE_FAMILY = "1,2";
				TEST_TARGET_NAME = "SBU HeatMap test";
			};
			name = Debug;
		};
		3E47C2C92708D7F100FDF8B0 /* Release */ = {
			isa = XCBuildConfiguration;
			buildSettings = {
				ALWAYS_EMBED_SWIFT_STANDARD_LIBRARIES = YES;
				CODE_SIGN_STYLE = Automatic;
				CURRENT_PROJECT_VERSION = 1;
				GENERATE_INFOPLIST_FILE = YES;
				LD_RUNPATH_SEARCH_PATHS = (
					"$(inherited)",
					"@executable_path/Frameworks",
					"@loader_path/Frameworks",
				);
				MARKETING_VERSION = 1.0;
				PRODUCT_BUNDLE_IDENTIFIER = "VIP-Project.SBU-HeatMap-testUITests";
				PRODUCT_NAME = "$(TARGET_NAME)";
				SWIFT_EMIT_LOC_STRINGS = NO;
				SWIFT_VERSION = 5.0;
				TARGETED_DEVICE_FAMILY = "1,2";
				TEST_TARGET_NAME = "SBU HeatMap test";
			};
			name = Release;
		};
/* End XCBuildConfiguration section */

/* Begin XCConfigurationList section */
		3E47C2922708D7F000FDF8B0 /* Build configuration list for PBXProject "SBU HeatMap test" */ = {
			isa = XCConfigurationList;
			buildConfigurations = (
				3E47C2BF2708D7F100FDF8B0 /* Debug */,
				3E47C2C02708D7F100FDF8B0 /* Release */,
			);
			defaultConfigurationIsVisible = 0;
			defaultConfigurationName = Release;
		};
		3E47C2C12708D7F100FDF8B0 /* Build configuration list for PBXNativeTarget "SBU HeatMap test" */ = {
			isa = XCConfigurationList;
			buildConfigurations = (
				3E47C2C22708D7F100FDF8B0 /* Debug */,
				3E47C2C32708D7F100FDF8B0 /* Release */,
			);
			defaultConfigurationIsVisible = 0;
			defaultConfigurationName = Release;
		};
		3E47C2C42708D7F100FDF8B0 /* Build configuration list for PBXNativeTarget "SBU HeatMap testTests" */ = {
			isa = XCConfigurationList;
			buildConfigurations = (
				3E47C2C52708D7F100FDF8B0 /* Debug */,
				3E47C2C62708D7F100FDF8B0 /* Release */,
			);
			defaultConfigurationIsVisible = 0;
			defaultConfigurationName = Release;
		};
		3E47C2C72708D7F100FDF8B0 /* Build configuration list for PBXNativeTarget "SBU HeatMap testUITests" */ = {
			isa = XCConfigurationList;
			buildConfigurations = (
				3E47C2C82708D7F100FDF8B0 /* Debug */,
				3E47C2C92708D7F100FDF8B0 /* Release */,
			);
			defaultConfigurationIsVisible = 0;
			defaultConfigurationName = Release;
		};
/* End XCConfigurationList section */
	};
	rootObject = 3E47C28F2708D7F000FDF8B0 /* Project object */;
}
